PODS:
  - iCarousel (1.8.3)
  - ReactiveObjC (3.0.0)
  - SDCycleScrollView (1.73):
    - SDWebImage (~> 4.0.0)
  - SDWebImage (4.0.0):
    - SDWebImage/Core (= 4.0.0)
  - SDWebImage/Core (4.0.0)

DEPENDENCIES:
  - iCarousel (~> 1.8.2)
  - ReactiveObjC (~> 3.0.0)
  - SDCycleScrollView
  - SDWebImage

SPEC CHECKSUMS:
  iCarousel: d782f635afac190c49bb8ee455882284cff8b85f
  ReactiveObjC: ce79989e8684b9086b5f8d0c74bc7b81a8729c9e
  SDCycleScrollView: d0fd5fe40a80918371fd8939214eb3be81033d83
  SDWebImage: 76a6348bdc74eb5a55dd08a091ef298e56b55e41

PODFILE CHECKSUM: 9cf3c46347ace2daad2c5389edd718960bf111fc

COCOAPODS: 1.1.1
