PODS:
  - iCarousel (1.8.3)
  - Masonry (1.1.0)
  - ReactiveObjC (3.0.0)
  - SDCycleScrollView (1.80):
    - SDWebImage (>= 5.0.0)
  - SDWebImage (5.6.1):
    - SDWebImage/Core (= 5.6.1)
  - SDWebImage/Core (5.6.1)

DEPENDENCIES:
  - iCarousel (~> 1.8.2)
  - Masonry
  - ReactiveObjC (~> 3.0.0)
  - SDCycleScrollView
  - SDWebImage

SPEC REPOS:
  https://github.com/CocoaPods/Specs.git:
    - iCarousel
    - Masonry
    - ReactiveObjC
    - SDCycleScrollView
    - SDWebImage

SPEC CHECKSUMS:
  iCarousel: d782f635afac190c49bb8ee455882284cff8b85f
  Masonry: 678fab65091a9290e40e2832a55e7ab731aad201
  ReactiveObjC: ce79989e8684b9086b5f8d0c74bc7b81a8729c9e
  SDCycleScrollView: b3c9a5ed840c771c4938978174c7c9d9feefeb96
  SDWebImage: 7edb9c3ea661e77a66661f7f044de8c1b55d1120

PODFILE CHECKSUM: 779ea5e15e752a3187df2e9f489980e630b1cd4d

COCOAPODS: 1.9.1
