// !$*UTF8*$!
{
	archiveVersion = 1;
	classes = {
	};
	objectVersion = 46;
	objects = {

/* Begin PBXBuildFile section */
		600E40FB1F286E3D00A639CC /* TaskViewController.m in Sources */ = {isa = PBXBuildFile; fileRef = 600E40FA1F286E3D00A639CC /* TaskViewController.m */; };
		601149061F258DA400C78EDB /* dispatch_onceOBJC.m in Sources */ = {isa = PBXBuildFile; fileRef = 601149051F258DA400C78EDB /* dispatch_onceOBJC.m */; };
		60141BBA1F26E36E00128641 /* ProducerConsumerViewController.m in Sources */ = {isa = PBXBuildFile; fileRef = 60141BB91F26E36E00128641 /* ProducerConsumerViewController.m */; };
		6014699B1F38056900C54588 /* SortViewController.m in Sources */ = {isa = PBXBuildFile; fileRef = 6014699A1F38056900C54588 /* SortViewController.m */; };
		60149DD61F1EF7B600CA8A8A /* LinkViewController.m in Sources */ = {isa = PBXBuildFile; fileRef = 60149DD51F1EF7B600CA8A8A /* LinkViewController.m */; };
		60149DD91F1EF7F000CA8A8A /* myNode.m in Sources */ = {isa = PBXBuildFile; fileRef = 60149DD81F1EF7F000CA8A8A /* myNode.m */; };
		602F53151EF225C900B69450 /* combineViewController.m in Sources */ = {isa = PBXBuildFile; fileRef = 602F53141EF225C900B69450 /* combineViewController.m */; };
		602F53191EF22FA200B69450 /* RACSequenceViewController.m in Sources */ = {isa = PBXBuildFile; fileRef = 602F53181EF22FA200B69450 /* RACSequenceViewController.m */; };
		602F531D1EF27BDB00B69450 /* UIButton+mycategory.m in Sources */ = {isa = PBXBuildFile; fileRef = 602F531C1EF27BDB00B69450 /* UIButton+mycategory.m */; };
		603064801F1868D400CD5628 /* RACDisposableViewController.m in Sources */ = {isa = PBXBuildFile; fileRef = 6030647F1F1868D400CD5628 /* RACDisposableViewController.m */; };
		6032DF581F04994A00D399E1 /* UIButton+ClickBlock.m in Sources */ = {isa = PBXBuildFile; fileRef = 6032DF571F04994A00D399E1 /* UIButton+ClickBlock.m */; };
		6032DF5B1F049C3F00D399E1 /* UIButton+mystate.m in Sources */ = {isa = PBXBuildFile; fileRef = 6032DF5A1F049C3F00D399E1 /* UIButton+mystate.m */; };
		6032DF5E1F049F5900D399E1 /* Bird.m in Sources */ = {isa = PBXBuildFile; fileRef = 6032DF5D1F049F5900D399E1 /* Bird.m */; };
		6032DF611F049F6E00D399E1 /* Monkey.m in Sources */ = {isa = PBXBuildFile; fileRef = 6032DF601F049F6E00D399E1 /* Monkey.m */; };
		60336EDD1F131EF0006F8F4B /* LinksViewController.m in Sources */ = {isa = PBXBuildFile; fileRef = 60336EDC1F131EF0006F8F4B /* LinksViewController.m */; };
		60336EE01F131F9C006F8F4B /* dragonView.m in Sources */ = {isa = PBXBuildFile; fileRef = 60336EDF1F131F9C006F8F4B /* dragonView.m */; };
		603C20C31F0C870A00CFD573 /* BulletViewController.m in Sources */ = {isa = PBXBuildFile; fileRef = 603C20C21F0C870A00CFD573 /* BulletViewController.m */; };
		603C20C61F0C874600CFD573 /* BulletView.m in Sources */ = {isa = PBXBuildFile; fileRef = 603C20C51F0C874600CFD573 /* BulletView.m */; };
		603C20C91F0C8BB500CFD573 /* BulletManager.m in Sources */ = {isa = PBXBuildFile; fileRef = 603C20C81F0C8BB500CFD573 /* BulletManager.m */; };
		603E32861F03465800D6FD77 /* testViewController.m in Sources */ = {isa = PBXBuildFile; fileRef = 603E32851F03465800D6FD77 /* testViewController.m */; };
		603E32891F03467E00D6FD77 /* testModel.m in Sources */ = {isa = PBXBuildFile; fileRef = 603E32881F03467E00D6FD77 /* testModel.m */; };
		603E328C1F0347D800D6FD77 /* NSObject+Runtime.m in Sources */ = {isa = PBXBuildFile; fileRef = 603E328B1F0347D800D6FD77 /* NSObject+Runtime.m */; };
		603E32901F038F3400D6FD77 /* usetestViewController.m in Sources */ = {isa = PBXBuildFile; fileRef = 603E328F1F038F3400D6FD77 /* usetestViewController.m */; };
		603E32931F038F4E00D6FD77 /* cat.m in Sources */ = {isa = PBXBuildFile; fileRef = 603E32921F038F4E00D6FD77 /* cat.m */; };
		603E32981F039CBD00D6FD77 /* dogModel.m in Sources */ = {isa = PBXBuildFile; fileRef = 603E32971F039CBD00D6FD77 /* dogModel.m */; };
		603E329C1F03AA6B00D6FD77 /* NSObject+KeyValues.m in Sources */ = {isa = PBXBuildFile; fileRef = 603E329B1F03AA6B00D6FD77 /* NSObject+KeyValues.m */; };
		603EF3C91EF119F1001353BD /* refreshwithRACViewController.m in Sources */ = {isa = PBXBuildFile; fileRef = 603EF3C81EF119F1001353BD /* refreshwithRACViewController.m */; };
		6040733A1EEFDBAA00815DFC /* main.m in Sources */ = {isa = PBXBuildFile; fileRef = 604073391EEFDBAA00815DFC /* main.m */; };
		604073451EEFDBAA00815DFC /* Assets.xcassets in Resources */ = {isa = PBXBuildFile; fileRef = 604073441EEFDBAA00815DFC /* Assets.xcassets */; };
		604073531EEFDBAB00815DFC /* selfLearnProjectTests.m in Sources */ = {isa = PBXBuildFile; fileRef = 604073521EEFDBAB00815DFC /* selfLearnProjectTests.m */; };
		6040735E1EEFDBAB00815DFC /* selfLearnProjectUITests.m in Sources */ = {isa = PBXBuildFile; fileRef = 6040735D1EEFDBAB00815DFC /* selfLearnProjectUITests.m */; };
		604073771EEFDC8900815DFC /* backViewController.m in Sources */ = {isa = PBXBuildFile; fileRef = 6040736D1EEFDC8900815DFC /* backViewController.m */; };
		604073781EEFDC8900815DFC /* myTableViewController.m in Sources */ = {isa = PBXBuildFile; fileRef = 6040736F1EEFDC8900815DFC /* myTableViewController.m */; };
		604073791EEFDC8900815DFC /* ROOTViewController.m in Sources */ = {isa = PBXBuildFile; fileRef = 604073711EEFDC8900815DFC /* ROOTViewController.m */; };
		6040737A1EEFDC8900815DFC /* AppDelegate.m in Sources */ = {isa = PBXBuildFile; fileRef = 604073731EEFDC8900815DFC /* AppDelegate.m */; };
		6040737B1EEFDC8900815DFC /* Default-568h@2x.png in Resources */ = {isa = PBXBuildFile; fileRef = 604073741EEFDC8900815DFC /* Default-568h@2x.png */; };
		6040737C1EEFDC8900815DFC /* Default-667h@2x.png in Resources */ = {isa = PBXBuildFile; fileRef = 604073751EEFDC8900815DFC /* Default-667h@2x.png */; };
		6040737D1EEFDC8900815DFC /* Default-736h@3x.png in Resources */ = {isa = PBXBuildFile; fileRef = 604073761EEFDC8900815DFC /* Default-736h@3x.png */; };
		604073851EEFDD8100815DFC /* FirstViewController.m in Sources */ = {isa = PBXBuildFile; fileRef = 604073841EEFDD8100815DFC /* FirstViewController.m */; };
		604073881EEFDD8A00815DFC /* SecondViewController.m in Sources */ = {isa = PBXBuildFile; fileRef = 604073871EEFDD8A00815DFC /* SecondViewController.m */; };
		6040738B1EEFDD9000815DFC /* ThirdViewController.m in Sources */ = {isa = PBXBuildFile; fileRef = 6040738A1EEFDD9000815DFC /* ThirdViewController.m */; };
		6040738E1EEFDD9600815DFC /* FourthViewController.m in Sources */ = {isa = PBXBuildFile; fileRef = 6040738D1EEFDD9600815DFC /* FourthViewController.m */; };
		6040739F1EEFDDE900815DFC /* imageCellTestViewController.m in Sources */ = {isa = PBXBuildFile; fileRef = 604073981EEFDDE900815DFC /* imageCellTestViewController.m */; };
		604073A01EEFDDEA00815DFC /* GCDtimerViewController.m in Sources */ = {isa = PBXBuildFile; fileRef = 6040739A1EEFDDE900815DFC /* GCDtimerViewController.m */; };
		604073A11EEFDDEA00815DFC /* runlooponeViewController.m in Sources */ = {isa = PBXBuildFile; fileRef = 6040739C1EEFDDE900815DFC /* runlooponeViewController.m */; };
		604073A21EEFDDEA00815DFC /* runlooptwoViewController.m in Sources */ = {isa = PBXBuildFile; fileRef = 6040739E1EEFDDE900815DFC /* runlooptwoViewController.m */; };
		604073AB1EEFDE4500815DFC /* socketlearnViewController.m in Sources */ = {isa = PBXBuildFile; fileRef = 604073A81EEFDE4500815DFC /* socketlearnViewController.m */; };
		604073AC1EEFDE4500815DFC /* socketlearnserviceViewController.m in Sources */ = {isa = PBXBuildFile; fileRef = 604073AA1EEFDE4500815DFC /* socketlearnserviceViewController.m */; };
		604073B11EEFDE5100815DFC /* AVFoudationlearnViewController.m in Sources */ = {isa = PBXBuildFile; fileRef = 604073AE1EEFDE5100815DFC /* AVFoudationlearnViewController.m */; };
		604073B21EEFDE5100815DFC /* AVLearn2ViewController.m in Sources */ = {isa = PBXBuildFile; fileRef = 604073B01EEFDE5100815DFC /* AVLearn2ViewController.m */; };
		604073B51EEFDE5B00815DFC /* CAGradientLearnViewController.m in Sources */ = {isa = PBXBuildFile; fileRef = 604073B41EEFDE5B00815DFC /* CAGradientLearnViewController.m */; };
		604073B81EEFDE6500815DFC /* biaozhixunhuanViewController.m in Sources */ = {isa = PBXBuildFile; fileRef = 604073B71EEFDE6500815DFC /* biaozhixunhuanViewController.m */; };
		604073BC1EEFDE8D00815DFC /* testimage.jpg in Resources */ = {isa = PBXBuildFile; fileRef = 604073BA1EEFDE8D00815DFC /* testimage.jpg */; };
		604073BD1EEFDE8D00815DFC /* 凉凉.mp4 in Resources */ = {isa = PBXBuildFile; fileRef = 604073BB1EEFDE8D00815DFC /* 凉凉.mp4 */; };
		604073C41EEFE0BD00815DFC /* RACSignalHandleViewController.m in Sources */ = {isa = PBXBuildFile; fileRef = 604073C31EEFE0BD00815DFC /* RACSignalHandleViewController.m */; };
		604073C91EEFE0C900815DFC /* dog.m in Sources */ = {isa = PBXBuildFile; fileRef = 604073C61EEFE0C900815DFC /* dog.m */; };
		604073CA1EEFE0C900815DFC /* LoginViewModel.m in Sources */ = {isa = PBXBuildFile; fileRef = 604073C81EEFE0C900815DFC /* LoginViewModel.m */; };
		604073CF1EEFE0D400815DFC /* RAClearnViewController.m in Sources */ = {isa = PBXBuildFile; fileRef = 604073CC1EEFE0D400815DFC /* RAClearnViewController.m */; };
		604073D01EEFE0D400815DFC /* RACAndMVVMlearnViewController.m in Sources */ = {isa = PBXBuildFile; fileRef = 604073CE1EEFE0D400815DFC /* RACAndMVVMlearnViewController.m */; };
		60412F5E1F15F84500618416 /* MathViewController.m in Sources */ = {isa = PBXBuildFile; fileRef = 60412F5D1F15F84500618416 /* MathViewController.m */; };
		D3D897EA8D77F77D2326912C /* libPods-selfLearnProject.a in Frameworks */ = {isa = PBXBuildFile; fileRef = 35E924996B0806E51B01591F /* libPods-selfLearnProject.a */; };
/* End PBXBuildFile section */

/* Begin PBXContainerItemProxy section */
		6040734F1EEFDBAB00815DFC /* PBXContainerItemProxy */ = {
			isa = PBXContainerItemProxy;
			containerPortal = 6040732D1EEFDBAA00815DFC /* Project object */;
			proxyType = 1;
			remoteGlobalIDString = 604073341EEFDBAA00815DFC;
			remoteInfo = selfLearnProject;
		};
		6040735A1EEFDBAB00815DFC /* PBXContainerItemProxy */ = {
			isa = PBXContainerItemProxy;
			containerPortal = 6040732D1EEFDBAA00815DFC /* Project object */;
			proxyType = 1;
			remoteGlobalIDString = 604073341EEFDBAA00815DFC;
			remoteInfo = selfLearnProject;
		};
/* End PBXContainerItemProxy section */

/* Begin PBXFileReference section */
		35E924996B0806E51B01591F /* libPods-selfLearnProject.a */ = {isa = PBXFileReference; explicitFileType = archive.ar; includeInIndex = 0; path = "libPods-selfLearnProject.a"; sourceTree = BUILT_PRODUCTS_DIR; };
		59A3B7CAE8E1973E99560CFD /* Pods-selfLearnProject.release.xcconfig */ = {isa = PBXFileReference; includeInIndex = 1; lastKnownFileType = text.xcconfig; name = "Pods-selfLearnProject.release.xcconfig"; path = "Pods/Target Support Files/Pods-selfLearnProject/Pods-selfLearnProject.release.xcconfig"; sourceTree = "<group>"; };
		600E40F91F286E3D00A639CC /* TaskViewController.h */ = {isa = PBXFileReference; fileEncoding = 4; lastKnownFileType = sourcecode.c.h; path = TaskViewController.h; sourceTree = "<group>"; };
		600E40FA1F286E3D00A639CC /* TaskViewController.m */ = {isa = PBXFileReference; fileEncoding = 4; lastKnownFileType = sourcecode.c.objc; path = TaskViewController.m; sourceTree = "<group>"; };
		601149041F258DA400C78EDB /* dispatch_onceOBJC.h */ = {isa = PBXFileReference; fileEncoding = 4; lastKnownFileType = sourcecode.c.h; path = dispatch_onceOBJC.h; sourceTree = "<group>"; };
		601149051F258DA400C78EDB /* dispatch_onceOBJC.m */ = {isa = PBXFileReference; fileEncoding = 4; lastKnownFileType = sourcecode.c.objc; path = dispatch_onceOBJC.m; sourceTree = "<group>"; };
		60141BB81F26E36E00128641 /* ProducerConsumerViewController.h */ = {isa = PBXFileReference; fileEncoding = 4; lastKnownFileType = sourcecode.c.h; path = ProducerConsumerViewController.h; sourceTree = "<group>"; };
		60141BB91F26E36E00128641 /* ProducerConsumerViewController.m */ = {isa = PBXFileReference; fileEncoding = 4; lastKnownFileType = sourcecode.c.objc; path = ProducerConsumerViewController.m; sourceTree = "<group>"; };
		601469991F38056900C54588 /* SortViewController.h */ = {isa = PBXFileReference; fileEncoding = 4; lastKnownFileType = sourcecode.c.h; path = SortViewController.h; sourceTree = "<group>"; };
		6014699A1F38056900C54588 /* SortViewController.m */ = {isa = PBXFileReference; fileEncoding = 4; lastKnownFileType = sourcecode.c.objc; path = SortViewController.m; sourceTree = "<group>"; };
		60149DD41F1EF7B600CA8A8A /* LinkViewController.h */ = {isa = PBXFileReference; fileEncoding = 4; lastKnownFileType = sourcecode.c.h; path = LinkViewController.h; sourceTree = "<group>"; };
		60149DD51F1EF7B600CA8A8A /* LinkViewController.m */ = {isa = PBXFileReference; fileEncoding = 4; lastKnownFileType = sourcecode.c.objc; path = LinkViewController.m; sourceTree = "<group>"; };
		60149DD71F1EF7F000CA8A8A /* myNode.h */ = {isa = PBXFileReference; fileEncoding = 4; lastKnownFileType = sourcecode.c.h; path = myNode.h; sourceTree = "<group>"; };
		60149DD81F1EF7F000CA8A8A /* myNode.m */ = {isa = PBXFileReference; fileEncoding = 4; lastKnownFileType = sourcecode.c.objc; path = myNode.m; sourceTree = "<group>"; };
		602F53131EF225C900B69450 /* combineViewController.h */ = {isa = PBXFileReference; fileEncoding = 4; lastKnownFileType = sourcecode.c.h; path = combineViewController.h; sourceTree = "<group>"; };
		602F53141EF225C900B69450 /* combineViewController.m */ = {isa = PBXFileReference; fileEncoding = 4; lastKnownFileType = sourcecode.c.objc; path = combineViewController.m; sourceTree = "<group>"; };
		602F53171EF22FA200B69450 /* RACSequenceViewController.h */ = {isa = PBXFileReference; fileEncoding = 4; lastKnownFileType = sourcecode.c.h; path = RACSequenceViewController.h; sourceTree = "<group>"; };
		602F53181EF22FA200B69450 /* RACSequenceViewController.m */ = {isa = PBXFileReference; fileEncoding = 4; lastKnownFileType = sourcecode.c.objc; path = RACSequenceViewController.m; sourceTree = "<group>"; };
		602F531B1EF27BDB00B69450 /* UIButton+mycategory.h */ = {isa = PBXFileReference; fileEncoding = 4; lastKnownFileType = sourcecode.c.h; path = "UIButton+mycategory.h"; sourceTree = "<group>"; };
		602F531C1EF27BDB00B69450 /* UIButton+mycategory.m */ = {isa = PBXFileReference; fileEncoding = 4; lastKnownFileType = sourcecode.c.objc; path = "UIButton+mycategory.m"; sourceTree = "<group>"; };
		6030647E1F1868D400CD5628 /* RACDisposableViewController.h */ = {isa = PBXFileReference; fileEncoding = 4; lastKnownFileType = sourcecode.c.h; path = RACDisposableViewController.h; sourceTree = "<group>"; };
		6030647F1F1868D400CD5628 /* RACDisposableViewController.m */ = {isa = PBXFileReference; fileEncoding = 4; lastKnownFileType = sourcecode.c.objc; path = RACDisposableViewController.m; sourceTree = "<group>"; };
		6032DF561F04994A00D399E1 /* UIButton+ClickBlock.h */ = {isa = PBXFileReference; fileEncoding = 4; lastKnownFileType = sourcecode.c.h; path = "UIButton+ClickBlock.h"; sourceTree = "<group>"; };
		6032DF571F04994A00D399E1 /* UIButton+ClickBlock.m */ = {isa = PBXFileReference; fileEncoding = 4; lastKnownFileType = sourcecode.c.objc; path = "UIButton+ClickBlock.m"; sourceTree = "<group>"; };
		6032DF591F049C3F00D399E1 /* UIButton+mystate.h */ = {isa = PBXFileReference; fileEncoding = 4; lastKnownFileType = sourcecode.c.h; path = "UIButton+mystate.h"; sourceTree = "<group>"; };
		6032DF5A1F049C3F00D399E1 /* UIButton+mystate.m */ = {isa = PBXFileReference; fileEncoding = 4; lastKnownFileType = sourcecode.c.objc; path = "UIButton+mystate.m"; sourceTree = "<group>"; };
		6032DF5C1F049F5900D399E1 /* Bird.h */ = {isa = PBXFileReference; fileEncoding = 4; lastKnownFileType = sourcecode.c.h; path = Bird.h; sourceTree = "<group>"; };
		6032DF5D1F049F5900D399E1 /* Bird.m */ = {isa = PBXFileReference; fileEncoding = 4; lastKnownFileType = sourcecode.c.objc; path = Bird.m; sourceTree = "<group>"; };
		6032DF5F1F049F6E00D399E1 /* Monkey.h */ = {isa = PBXFileReference; fileEncoding = 4; lastKnownFileType = sourcecode.c.h; path = Monkey.h; sourceTree = "<group>"; };
		6032DF601F049F6E00D399E1 /* Monkey.m */ = {isa = PBXFileReference; fileEncoding = 4; lastKnownFileType = sourcecode.c.objc; path = Monkey.m; sourceTree = "<group>"; };
		60336EDB1F131EF0006F8F4B /* LinksViewController.h */ = {isa = PBXFileReference; fileEncoding = 4; lastKnownFileType = sourcecode.c.h; path = LinksViewController.h; sourceTree = "<group>"; };
		60336EDC1F131EF0006F8F4B /* LinksViewController.m */ = {isa = PBXFileReference; fileEncoding = 4; lastKnownFileType = sourcecode.c.objc; path = LinksViewController.m; sourceTree = "<group>"; };
		60336EDE1F131F9C006F8F4B /* dragonView.h */ = {isa = PBXFileReference; fileEncoding = 4; lastKnownFileType = sourcecode.c.h; path = dragonView.h; sourceTree = "<group>"; };
		60336EDF1F131F9C006F8F4B /* dragonView.m */ = {isa = PBXFileReference; fileEncoding = 4; lastKnownFileType = sourcecode.c.objc; path = dragonView.m; sourceTree = "<group>"; };
		603C20C11F0C870A00CFD573 /* BulletViewController.h */ = {isa = PBXFileReference; fileEncoding = 4; lastKnownFileType = sourcecode.c.h; path = BulletViewController.h; sourceTree = "<group>"; };
		603C20C21F0C870A00CFD573 /* BulletViewController.m */ = {isa = PBXFileReference; fileEncoding = 4; lastKnownFileType = sourcecode.c.objc; path = BulletViewController.m; sourceTree = "<group>"; };
		603C20C41F0C874600CFD573 /* BulletView.h */ = {isa = PBXFileReference; fileEncoding = 4; lastKnownFileType = sourcecode.c.h; path = BulletView.h; sourceTree = "<group>"; };
		603C20C51F0C874600CFD573 /* BulletView.m */ = {isa = PBXFileReference; fileEncoding = 4; lastKnownFileType = sourcecode.c.objc; path = BulletView.m; sourceTree = "<group>"; };
		603C20C71F0C8BB500CFD573 /* BulletManager.h */ = {isa = PBXFileReference; fileEncoding = 4; lastKnownFileType = sourcecode.c.h; path = BulletManager.h; sourceTree = "<group>"; };
		603C20C81F0C8BB500CFD573 /* BulletManager.m */ = {isa = PBXFileReference; fileEncoding = 4; lastKnownFileType = sourcecode.c.objc; path = BulletManager.m; sourceTree = "<group>"; };
		603E32841F03465700D6FD77 /* testViewController.h */ = {isa = PBXFileReference; fileEncoding = 4; lastKnownFileType = sourcecode.c.h; path = testViewController.h; sourceTree = "<group>"; };
		603E32851F03465800D6FD77 /* testViewController.m */ = {isa = PBXFileReference; fileEncoding = 4; lastKnownFileType = sourcecode.c.objc; path = testViewController.m; sourceTree = "<group>"; };
		603E32871F03467E00D6FD77 /* testModel.h */ = {isa = PBXFileReference; fileEncoding = 4; lastKnownFileType = sourcecode.c.h; path = testModel.h; sourceTree = "<group>"; };
		603E32881F03467E00D6FD77 /* testModel.m */ = {isa = PBXFileReference; fileEncoding = 4; lastKnownFileType = sourcecode.c.objc; path = testModel.m; sourceTree = "<group>"; };
		603E328A1F0347D800D6FD77 /* NSObject+Runtime.h */ = {isa = PBXFileReference; fileEncoding = 4; lastKnownFileType = sourcecode.c.h; path = "NSObject+Runtime.h"; sourceTree = "<group>"; };
		603E328B1F0347D800D6FD77 /* NSObject+Runtime.m */ = {isa = PBXFileReference; fileEncoding = 4; lastKnownFileType = sourcecode.c.objc; path = "NSObject+Runtime.m"; sourceTree = "<group>"; };
		603E328E1F038F3400D6FD77 /* usetestViewController.h */ = {isa = PBXFileReference; fileEncoding = 4; lastKnownFileType = sourcecode.c.h; path = usetestViewController.h; sourceTree = "<group>"; };
		603E328F1F038F3400D6FD77 /* usetestViewController.m */ = {isa = PBXFileReference; fileEncoding = 4; lastKnownFileType = sourcecode.c.objc; path = usetestViewController.m; sourceTree = "<group>"; };
		603E32911F038F4E00D6FD77 /* cat.h */ = {isa = PBXFileReference; fileEncoding = 4; lastKnownFileType = sourcecode.c.h; name = cat.h; path = ../cat.h; sourceTree = "<group>"; };
		603E32921F038F4E00D6FD77 /* cat.m */ = {isa = PBXFileReference; fileEncoding = 4; lastKnownFileType = sourcecode.c.objc; name = cat.m; path = ../cat.m; sourceTree = "<group>"; };
		603E32961F039CBD00D6FD77 /* dogModel.h */ = {isa = PBXFileReference; fileEncoding = 4; lastKnownFileType = sourcecode.c.h; path = dogModel.h; sourceTree = "<group>"; };
		603E32971F039CBD00D6FD77 /* dogModel.m */ = {isa = PBXFileReference; fileEncoding = 4; lastKnownFileType = sourcecode.c.objc; path = dogModel.m; sourceTree = "<group>"; };
		603E329A1F03AA6B00D6FD77 /* NSObject+KeyValues.h */ = {isa = PBXFileReference; fileEncoding = 4; lastKnownFileType = sourcecode.c.h; path = "NSObject+KeyValues.h"; sourceTree = "<group>"; };
		603E329B1F03AA6B00D6FD77 /* NSObject+KeyValues.m */ = {isa = PBXFileReference; fileEncoding = 4; lastKnownFileType = sourcecode.c.objc; path = "NSObject+KeyValues.m"; sourceTree = "<group>"; };
		603EF3C71EF119F1001353BD /* refreshwithRACViewController.h */ = {isa = PBXFileReference; fileEncoding = 4; lastKnownFileType = sourcecode.c.h; path = refreshwithRACViewController.h; sourceTree = "<group>"; };
		603EF3C81EF119F1001353BD /* refreshwithRACViewController.m */ = {isa = PBXFileReference; fileEncoding = 4; lastKnownFileType = sourcecode.c.objc; path = refreshwithRACViewController.m; sourceTree = "<group>"; };
		604073351EEFDBAA00815DFC /* selfLearnProject.app */ = {isa = PBXFileReference; explicitFileType = wrapper.application; includeInIndex = 0; path = selfLearnProject.app; sourceTree = BUILT_PRODUCTS_DIR; };
		604073391EEFDBAA00815DFC /* main.m */ = {isa = PBXFileReference; lastKnownFileType = sourcecode.c.objc; path = main.m; sourceTree = "<group>"; };
		604073441EEFDBAA00815DFC /* Assets.xcassets */ = {isa = PBXFileReference; lastKnownFileType = folder.assetcatalog; name = Assets.xcassets; path = ../Assets.xcassets; sourceTree = "<group>"; };
		604073491EEFDBAA00815DFC /* Info.plist */ = {isa = PBXFileReference; lastKnownFileType = text.plist.xml; path = Info.plist; sourceTree = "<group>"; };
		6040734E1EEFDBAB00815DFC /* selfLearnProjectTests.xctest */ = {isa = PBXFileReference; explicitFileType = wrapper.cfbundle; includeInIndex = 0; path = selfLearnProjectTests.xctest; sourceTree = BUILT_PRODUCTS_DIR; };
		604073521EEFDBAB00815DFC /* selfLearnProjectTests.m */ = {isa = PBXFileReference; lastKnownFileType = sourcecode.c.objc; path = selfLearnProjectTests.m; sourceTree = "<group>"; };
		604073541EEFDBAB00815DFC /* Info.plist */ = {isa = PBXFileReference; lastKnownFileType = text.plist.xml; path = Info.plist; sourceTree = "<group>"; };
		604073591EEFDBAB00815DFC /* selfLearnProjectUITests.xctest */ = {isa = PBXFileReference; explicitFileType = wrapper.cfbundle; includeInIndex = 0; path = selfLearnProjectUITests.xctest; sourceTree = BUILT_PRODUCTS_DIR; };
		6040735D1EEFDBAB00815DFC /* selfLearnProjectUITests.m */ = {isa = PBXFileReference; lastKnownFileType = sourcecode.c.objc; path = selfLearnProjectUITests.m; sourceTree = "<group>"; };
		6040735F1EEFDBAB00815DFC /* Info.plist */ = {isa = PBXFileReference; lastKnownFileType = text.plist.xml; path = Info.plist; sourceTree = "<group>"; };
		6040736C1EEFDC8900815DFC /* backViewController.h */ = {isa = PBXFileReference; fileEncoding = 4; lastKnownFileType = sourcecode.c.h; path = backViewController.h; sourceTree = "<group>"; };
		6040736D1EEFDC8900815DFC /* backViewController.m */ = {isa = PBXFileReference; fileEncoding = 4; lastKnownFileType = sourcecode.c.objc; path = backViewController.m; sourceTree = "<group>"; };
		6040736E1EEFDC8900815DFC /* myTableViewController.h */ = {isa = PBXFileReference; fileEncoding = 4; lastKnownFileType = sourcecode.c.h; path = myTableViewController.h; sourceTree = "<group>"; };
		6040736F1EEFDC8900815DFC /* myTableViewController.m */ = {isa = PBXFileReference; fileEncoding = 4; lastKnownFileType = sourcecode.c.objc; path = myTableViewController.m; sourceTree = "<group>"; };
		604073701EEFDC8900815DFC /* ROOTViewController.h */ = {isa = PBXFileReference; fileEncoding = 4; lastKnownFileType = sourcecode.c.h; path = ROOTViewController.h; sourceTree = "<group>"; };
		604073711EEFDC8900815DFC /* ROOTViewController.m */ = {isa = PBXFileReference; fileEncoding = 4; lastKnownFileType = sourcecode.c.objc; path = ROOTViewController.m; sourceTree = "<group>"; };
		604073721EEFDC8900815DFC /* AppDelegate.h */ = {isa = PBXFileReference; fileEncoding = 4; lastKnownFileType = sourcecode.c.h; path = AppDelegate.h; sourceTree = "<group>"; };
		604073731EEFDC8900815DFC /* AppDelegate.m */ = {isa = PBXFileReference; fileEncoding = 4; lastKnownFileType = sourcecode.c.objc; path = AppDelegate.m; sourceTree = "<group>"; };
		604073741EEFDC8900815DFC /* Default-568h@2x.png */ = {isa = PBXFileReference; lastKnownFileType = image.png; name = "Default-568h@2x.png"; path = "Main/Default-568h@2x.png"; sourceTree = "<group>"; };
		604073751EEFDC8900815DFC /* Default-667h@2x.png */ = {isa = PBXFileReference; lastKnownFileType = image.png; name = "Default-667h@2x.png"; path = "Main/Default-667h@2x.png"; sourceTree = "<group>"; };
		604073761EEFDC8900815DFC /* Default-736h@3x.png */ = {isa = PBXFileReference; lastKnownFileType = image.png; name = "Default-736h@3x.png"; path = "Main/Default-736h@3x.png"; sourceTree = "<group>"; };
		6040737E1EEFDCD100815DFC /* PrefixHeader.pch */ = {isa = PBXFileReference; fileEncoding = 4; lastKnownFileType = sourcecode.c.h; path = PrefixHeader.pch; sourceTree = "<group>"; };
		604073831EEFDD8100815DFC /* FirstViewController.h */ = {isa = PBXFileReference; fileEncoding = 4; lastKnownFileType = sourcecode.c.h; path = FirstViewController.h; sourceTree = "<group>"; };
		604073841EEFDD8100815DFC /* FirstViewController.m */ = {isa = PBXFileReference; fileEncoding = 4; lastKnownFileType = sourcecode.c.objc; path = FirstViewController.m; sourceTree = "<group>"; };
		604073861EEFDD8A00815DFC /* SecondViewController.h */ = {isa = PBXFileReference; fileEncoding = 4; lastKnownFileType = sourcecode.c.h; path = SecondViewController.h; sourceTree = "<group>"; };
		604073871EEFDD8A00815DFC /* SecondViewController.m */ = {isa = PBXFileReference; fileEncoding = 4; lastKnownFileType = sourcecode.c.objc; path = SecondViewController.m; sourceTree = "<group>"; };
		604073891EEFDD9000815DFC /* ThirdViewController.h */ = {isa = PBXFileReference; fileEncoding = 4; lastKnownFileType = sourcecode.c.h; path = ThirdViewController.h; sourceTree = "<group>"; };
		6040738A1EEFDD9000815DFC /* ThirdViewController.m */ = {isa = PBXFileReference; fileEncoding = 4; lastKnownFileType = sourcecode.c.objc; path = ThirdViewController.m; sourceTree = "<group>"; };
		6040738C1EEFDD9600815DFC /* FourthViewController.h */ = {isa = PBXFileReference; fileEncoding = 4; lastKnownFileType = sourcecode.c.h; path = FourthViewController.h; sourceTree = "<group>"; };
		6040738D1EEFDD9600815DFC /* FourthViewController.m */ = {isa = PBXFileReference; fileEncoding = 4; lastKnownFileType = sourcecode.c.objc; path = FourthViewController.m; sourceTree = "<group>"; };
		604073971EEFDDE900815DFC /* imageCellTestViewController.h */ = {isa = PBXFileReference; fileEncoding = 4; lastKnownFileType = sourcecode.c.h; path = imageCellTestViewController.h; sourceTree = "<group>"; };
		604073981EEFDDE900815DFC /* imageCellTestViewController.m */ = {isa = PBXFileReference; fileEncoding = 4; lastKnownFileType = sourcecode.c.objc; path = imageCellTestViewController.m; sourceTree = "<group>"; };
		604073991EEFDDE900815DFC /* GCDtimerViewController.h */ = {isa = PBXFileReference; fileEncoding = 4; lastKnownFileType = sourcecode.c.h; path = GCDtimerViewController.h; sourceTree = "<group>"; };
		6040739A1EEFDDE900815DFC /* GCDtimerViewController.m */ = {isa = PBXFileReference; fileEncoding = 4; lastKnownFileType = sourcecode.c.objc; path = GCDtimerViewController.m; sourceTree = "<group>"; };
		6040739B1EEFDDE900815DFC /* runlooponeViewController.h */ = {isa = PBXFileReference; fileEncoding = 4; lastKnownFileType = sourcecode.c.h; path = runlooponeViewController.h; sourceTree = "<group>"; };
		6040739C1EEFDDE900815DFC /* runlooponeViewController.m */ = {isa = PBXFileReference; fileEncoding = 4; lastKnownFileType = sourcecode.c.objc; path = runlooponeViewController.m; sourceTree = "<group>"; };
		6040739D1EEFDDE900815DFC /* runlooptwoViewController.h */ = {isa = PBXFileReference; fileEncoding = 4; lastKnownFileType = sourcecode.c.h; path = runlooptwoViewController.h; sourceTree = "<group>"; };
		6040739E1EEFDDE900815DFC /* runlooptwoViewController.m */ = {isa = PBXFileReference; fileEncoding = 4; lastKnownFileType = sourcecode.c.objc; path = runlooptwoViewController.m; sourceTree = "<group>"; };
		604073A71EEFDE4500815DFC /* socketlearnViewController.h */ = {isa = PBXFileReference; fileEncoding = 4; lastKnownFileType = sourcecode.c.h; path = socketlearnViewController.h; sourceTree = "<group>"; };
		604073A81EEFDE4500815DFC /* socketlearnViewController.m */ = {isa = PBXFileReference; fileEncoding = 4; lastKnownFileType = sourcecode.c.objc; path = socketlearnViewController.m; sourceTree = "<group>"; };
		604073A91EEFDE4500815DFC /* socketlearnserviceViewController.h */ = {isa = PBXFileReference; fileEncoding = 4; lastKnownFileType = sourcecode.c.h; path = socketlearnserviceViewController.h; sourceTree = "<group>"; };
		604073AA1EEFDE4500815DFC /* socketlearnserviceViewController.m */ = {isa = PBXFileReference; fileEncoding = 4; lastKnownFileType = sourcecode.c.objc; path = socketlearnserviceViewController.m; sourceTree = "<group>"; };
		604073AD1EEFDE5100815DFC /* AVFoudationlearnViewController.h */ = {isa = PBXFileReference; fileEncoding = 4; lastKnownFileType = sourcecode.c.h; path = AVFoudationlearnViewController.h; sourceTree = "<group>"; };
		604073AE1EEFDE5100815DFC /* AVFoudationlearnViewController.m */ = {isa = PBXFileReference; fileEncoding = 4; lastKnownFileType = sourcecode.c.objc; path = AVFoudationlearnViewController.m; sourceTree = "<group>"; };
		604073AF1EEFDE5100815DFC /* AVLearn2ViewController.h */ = {isa = PBXFileReference; fileEncoding = 4; lastKnownFileType = sourcecode.c.h; path = AVLearn2ViewController.h; sourceTree = "<group>"; };
		604073B01EEFDE5100815DFC /* AVLearn2ViewController.m */ = {isa = PBXFileReference; fileEncoding = 4; lastKnownFileType = sourcecode.c.objc; path = AVLearn2ViewController.m; sourceTree = "<group>"; };
		604073B31EEFDE5B00815DFC /* CAGradientLearnViewController.h */ = {isa = PBXFileReference; fileEncoding = 4; lastKnownFileType = sourcecode.c.h; path = CAGradientLearnViewController.h; sourceTree = "<group>"; };
		604073B41EEFDE5B00815DFC /* CAGradientLearnViewController.m */ = {isa = PBXFileReference; fileEncoding = 4; lastKnownFileType = sourcecode.c.objc; path = CAGradientLearnViewController.m; sourceTree = "<group>"; };
		604073B61EEFDE6500815DFC /* biaozhixunhuanViewController.h */ = {isa = PBXFileReference; fileEncoding = 4; lastKnownFileType = sourcecode.c.h; path = biaozhixunhuanViewController.h; sourceTree = "<group>"; };
		604073B71EEFDE6500815DFC /* biaozhixunhuanViewController.m */ = {isa = PBXFileReference; fileEncoding = 4; lastKnownFileType = sourcecode.c.objc; path = biaozhixunhuanViewController.m; sourceTree = "<group>"; };
		604073BA1EEFDE8D00815DFC /* testimage.jpg */ = {isa = PBXFileReference; lastKnownFileType = image.jpeg; path = testimage.jpg; sourceTree = "<group>"; };
		604073BB1EEFDE8D00815DFC /* 凉凉.mp4 */ = {isa = PBXFileReference; lastKnownFileType = file; path = "凉凉.mp4"; sourceTree = "<group>"; };
		604073C21EEFE0BD00815DFC /* RACSignalHandleViewController.h */ = {isa = PBXFileReference; fileEncoding = 4; lastKnownFileType = sourcecode.c.h; path = RACSignalHandleViewController.h; sourceTree = "<group>"; };
		604073C31EEFE0BD00815DFC /* RACSignalHandleViewController.m */ = {isa = PBXFileReference; fileEncoding = 4; lastKnownFileType = sourcecode.c.objc; path = RACSignalHandleViewController.m; sourceTree = "<group>"; };
		604073C51EEFE0C900815DFC /* dog.h */ = {isa = PBXFileReference; fileEncoding = 4; lastKnownFileType = sourcecode.c.h; path = dog.h; sourceTree = "<group>"; };
		604073C61EEFE0C900815DFC /* dog.m */ = {isa = PBXFileReference; fileEncoding = 4; lastKnownFileType = sourcecode.c.objc; path = dog.m; sourceTree = "<group>"; };
		604073C71EEFE0C900815DFC /* LoginViewModel.h */ = {isa = PBXFileReference; fileEncoding = 4; lastKnownFileType = sourcecode.c.h; path = LoginViewModel.h; sourceTree = "<group>"; };
		604073C81EEFE0C900815DFC /* LoginViewModel.m */ = {isa = PBXFileReference; fileEncoding = 4; lastKnownFileType = sourcecode.c.objc; path = LoginViewModel.m; sourceTree = "<group>"; };
		604073CB1EEFE0D400815DFC /* RAClearnViewController.h */ = {isa = PBXFileReference; fileEncoding = 4; lastKnownFileType = sourcecode.c.h; path = RAClearnViewController.h; sourceTree = "<group>"; };
		604073CC1EEFE0D400815DFC /* RAClearnViewController.m */ = {isa = PBXFileReference; fileEncoding = 4; lastKnownFileType = sourcecode.c.objc; path = RAClearnViewController.m; sourceTree = "<group>"; };
		604073CD1EEFE0D400815DFC /* RACAndMVVMlearnViewController.h */ = {isa = PBXFileReference; fileEncoding = 4; lastKnownFileType = sourcecode.c.h; path = RACAndMVVMlearnViewController.h; sourceTree = "<group>"; };
		604073CE1EEFE0D400815DFC /* RACAndMVVMlearnViewController.m */ = {isa = PBXFileReference; fileEncoding = 4; lastKnownFileType = sourcecode.c.objc; path = RACAndMVVMlearnViewController.m; sourceTree = "<group>"; };
		60412F5C1F15F84500618416 /* MathViewController.h */ = {isa = PBXFileReference; fileEncoding = 4; lastKnownFileType = sourcecode.c.h; path = MathViewController.h; sourceTree = "<group>"; };
		60412F5D1F15F84500618416 /* MathViewController.m */ = {isa = PBXFileReference; fileEncoding = 4; lastKnownFileType = sourcecode.c.objc; path = MathViewController.m; sourceTree = "<group>"; };
		7DB64691A841809C2A1379F1 /* Pods-selfLearnProject.debug.xcconfig */ = {isa = PBXFileReference; includeInIndex = 1; lastKnownFileType = text.xcconfig; name = "Pods-selfLearnProject.debug.xcconfig"; path = "Pods/Target Support Files/Pods-selfLearnProject/Pods-selfLearnProject.debug.xcconfig"; sourceTree = "<group>"; };
/* End PBXFileReference section */

/* Begin PBXFrameworksBuildPhase section */
		604073321EEFDBAA00815DFC /* Frameworks */ = {
			isa = PBXFrameworksBuildPhase;
			buildActionMask = 2147483647;
			files = (
				D3D897EA8D77F77D2326912C /* libPods-selfLearnProject.a in Frameworks */,
			);
			runOnlyForDeploymentPostprocessing = 0;
		};
		6040734B1EEFDBAB00815DFC /* Frameworks */ = {
			isa = PBXFrameworksBuildPhase;
			buildActionMask = 2147483647;
			files = (
			);
			runOnlyForDeploymentPostprocessing = 0;
		};
		604073561EEFDBAB00815DFC /* Frameworks */ = {
			isa = PBXFrameworksBuildPhase;
			buildActionMask = 2147483647;
			files = (
			);
			runOnlyForDeploymentPostprocessing = 0;
		};
/* End PBXFrameworksBuildPhase section */

/* Begin PBXGroup section */
		600E40F81F286E1A00A639CC /* 仿iOS9任务管理器 */ = {
			isa = PBXGroup;
			children = (
				600E40F91F286E3D00A639CC /* TaskViewController.h */,
				600E40FA1F286E3D00A639CC /* TaskViewController.m */,
			);
			path = "仿iOS9任务管理器";
			sourceTree = "<group>";
		};
		60149DD31F1EF7A200CA8A8A /* 链表 */ = {
			isa = PBXGroup;
			children = (
				60149DD41F1EF7B600CA8A8A /* LinkViewController.h */,
				60149DD51F1EF7B600CA8A8A /* LinkViewController.m */,
				60149DD71F1EF7F000CA8A8A /* myNode.h */,
				60149DD81F1EF7F000CA8A8A /* myNode.m */,
			);
			path = "链表";
			sourceTree = "<group>";
		};
		6017837C1F2B146E00DF1A1F /* 各种排序算法学习 */ = {
			isa = PBXGroup;
			children = (
				601469991F38056900C54588 /* SortViewController.h */,
				6014699A1F38056900C54588 /* SortViewController.m */,
			);
			name = "各种排序算法学习";
			path = "未命名文件夹";
			sourceTree = "<group>";
		};
		602F53121EF225AE00B69450 /* 合并操作 */ = {
			isa = PBXGroup;
			children = (
				602F53131EF225C900B69450 /* combineViewController.h */,
				602F53141EF225C900B69450 /* combineViewController.m */,
			);
			path = "合并操作";
			sourceTree = "<group>";
		};
		602F53161EF22F9000B69450 /* RACSequence */ = {
			isa = PBXGroup;
			children = (
				602F53171EF22FA200B69450 /* RACSequenceViewController.h */,
				602F53181EF22FA200B69450 /* RACSequenceViewController.m */,
			);
			path = RACSequence;
			sourceTree = "<group>";
		};
		602F531A1EF27B2400B69450 /* 统计用户行为 */ = {
			isa = PBXGroup;
			children = (
				602F531B1EF27BDB00B69450 /* UIButton+mycategory.h */,
				602F531C1EF27BDB00B69450 /* UIButton+mycategory.m */,
			);
			path = "统计用户行为";
			sourceTree = "<group>";
		};
		6030647D1F1868AF00CD5628 /* RACDisposable */ = {
			isa = PBXGroup;
			children = (
				6030647E1F1868D400CD5628 /* RACDisposableViewController.h */,
				6030647F1F1868D400CD5628 /* RACDisposableViewController.m */,
			);
			path = RACDisposable;
			sourceTree = "<group>";
		};
		60336EDA1F131ECC006F8F4B /* 链式编程学习 */ = {
			isa = PBXGroup;
			children = (
				60336EDB1F131EF0006F8F4B /* LinksViewController.h */,
				60336EDC1F131EF0006F8F4B /* LinksViewController.m */,
				60336EDE1F131F9C006F8F4B /* dragonView.h */,
				60336EDF1F131F9C006F8F4B /* dragonView.m */,
			);
			path = "链式编程学习";
			sourceTree = "<group>";
		};
		603C20BF1F0C861B00CFD573 /* 各种效果学习 */ = {
			isa = PBXGroup;
			children = (
				6017837C1F2B146E00DF1A1F /* 各种排序算法学习 */,
				600E40F81F286E1A00A639CC /* 仿iOS9任务管理器 */,
				60149DD31F1EF7A200CA8A8A /* 链表 */,
				60412F5B1F15F7F300618416 /* 算法练习 */,
				60336EDA1F131ECC006F8F4B /* 链式编程学习 */,
				603C20C01F0C86BF00CFD573 /* 弹幕 */,
			);
			path = "各种效果学习";
			sourceTree = "<group>";
		};
		603C20C01F0C86BF00CFD573 /* 弹幕 */ = {
			isa = PBXGroup;
			children = (
				603C20C11F0C870A00CFD573 /* BulletViewController.h */,
				603C20C21F0C870A00CFD573 /* BulletViewController.m */,
				603C20C41F0C874600CFD573 /* BulletView.h */,
				603C20C51F0C874600CFD573 /* BulletView.m */,
				603C20C71F0C8BB500CFD573 /* BulletManager.h */,
				603C20C81F0C8BB500CFD573 /* BulletManager.m */,
			);
			path = "弹幕";
			sourceTree = "<group>";
		};
		603E32831F03461500D6FD77 /* runtime功能运用 */ = {
			isa = PBXGroup;
			children = (
				603E32841F03465700D6FD77 /* testViewController.h */,
				603E32851F03465800D6FD77 /* testViewController.m */,
				603E32871F03467E00D6FD77 /* testModel.h */,
				603E32881F03467E00D6FD77 /* testModel.m */,
				603E328A1F0347D800D6FD77 /* NSObject+Runtime.h */,
				603E328B1F0347D800D6FD77 /* NSObject+Runtime.m */,
			);
			path = "runtime功能运用";
			sourceTree = "<group>";
		};
		603E328D1F038F1400D6FD77 /* runtime几种基础用法 */ = {
			isa = PBXGroup;
			children = (
				603E329E1F03B18000D6FD77 /* 动态方法加载 */,
				603E329D1F03B16E00D6FD77 /* 给Category添加属性 */,
				603E32991F03A0A400D6FD77 /* 字典与模型互转 */,
				603E32951F039CA400D6FD77 /* 自动归档 */,
				603E32941F03990E00D6FD77 /* objc_msgSend使用 */,
				603E328E1F038F3400D6FD77 /* usetestViewController.h */,
				603E328F1F038F3400D6FD77 /* usetestViewController.m */,
			);
			path = "runtime几种基础用法";
			sourceTree = "<group>";
		};
		603E32941F03990E00D6FD77 /* objc_msgSend使用 */ = {
			isa = PBXGroup;
			children = (
				603E32911F038F4E00D6FD77 /* cat.h */,
				603E32921F038F4E00D6FD77 /* cat.m */,
			);
			path = "objc_msgSend使用";
			sourceTree = "<group>";
		};
		603E32951F039CA400D6FD77 /* 自动归档 */ = {
			isa = PBXGroup;
			children = (
				603E32961F039CBD00D6FD77 /* dogModel.h */,
				603E32971F039CBD00D6FD77 /* dogModel.m */,
			);
			path = "自动归档";
			sourceTree = "<group>";
		};
		603E32991F03A0A400D6FD77 /* 字典与模型互转 */ = {
			isa = PBXGroup;
			children = (
				603E329A1F03AA6B00D6FD77 /* NSObject+KeyValues.h */,
				603E329B1F03AA6B00D6FD77 /* NSObject+KeyValues.m */,
			);
			path = "字典与模型互转";
			sourceTree = "<group>";
		};
		603E329D1F03B16E00D6FD77 /* 给Category添加属性 */ = {
			isa = PBXGroup;
			children = (
				6032DF561F04994A00D399E1 /* UIButton+ClickBlock.h */,
				6032DF571F04994A00D399E1 /* UIButton+ClickBlock.m */,
				6032DF591F049C3F00D399E1 /* UIButton+mystate.h */,
				6032DF5A1F049C3F00D399E1 /* UIButton+mystate.m */,
			);
			path = "给Category添加属性";
			sourceTree = "<group>";
		};
		603E329E1F03B18000D6FD77 /* 动态方法加载 */ = {
			isa = PBXGroup;
			children = (
				6032DF5C1F049F5900D399E1 /* Bird.h */,
				6032DF5D1F049F5900D399E1 /* Bird.m */,
				6032DF5F1F049F6E00D399E1 /* Monkey.h */,
				6032DF601F049F6E00D399E1 /* Monkey.m */,
			);
			path = "动态方法加载";
			sourceTree = "<group>";
		};
		603EF3C61EF119A0001353BD /* RAC实现上下拉加载 */ = {
			isa = PBXGroup;
			children = (
				603EF3C71EF119F1001353BD /* refreshwithRACViewController.h */,
				603EF3C81EF119F1001353BD /* refreshwithRACViewController.m */,
			);
			path = "RAC实现上下拉加载";
			sourceTree = "<group>";
		};
		6040732C1EEFDBAA00815DFC = {
			isa = PBXGroup;
			children = (
				604073371EEFDBAA00815DFC /* selfLearnProject */,
				604073511EEFDBAB00815DFC /* selfLearnProjectTests */,
				6040735C1EEFDBAB00815DFC /* selfLearnProjectUITests */,
				604073361EEFDBAA00815DFC /* Products */,
				F51AB98E9E2BB3CCC6B4D27F /* Pods */,
				719F122317983DC4BFDBDF09 /* Frameworks */,
			);
			sourceTree = "<group>";
		};
		604073361EEFDBAA00815DFC /* Products */ = {
			isa = PBXGroup;
			children = (
				604073351EEFDBAA00815DFC /* selfLearnProject.app */,
				6040734E1EEFDBAB00815DFC /* selfLearnProjectTests.xctest */,
				604073591EEFDBAB00815DFC /* selfLearnProjectUITests.xctest */,
			);
			name = Products;
			sourceTree = "<group>";
		};
		604073371EEFDBAA00815DFC /* selfLearnProject */ = {
			isa = PBXGroup;
			children = (
				604073B91EEFDE8000815DFC /* 素材 */,
				604073821EEFDD7600815DFC /* R---4 */,
				604073811EEFDD6D00815DFC /* R---3 */,
				604073801EEFDD6300815DFC /* R---2 */,
				6040737F1EEFDD5600815DFC /* R---1 */,
				6040736B1EEFDC7F00815DFC /* Main */,
				604073381EEFDBAA00815DFC /* Supporting Files */,
			);
			path = selfLearnProject;
			sourceTree = "<group>";
		};
		604073381EEFDBAA00815DFC /* Supporting Files */ = {
			isa = PBXGroup;
			children = (
				604073491EEFDBAA00815DFC /* Info.plist */,
				604073741EEFDC8900815DFC /* Default-568h@2x.png */,
				604073751EEFDC8900815DFC /* Default-667h@2x.png */,
				604073761EEFDC8900815DFC /* Default-736h@3x.png */,
				604073391EEFDBAA00815DFC /* main.m */,
				6040737E1EEFDCD100815DFC /* PrefixHeader.pch */,
			);
			name = "Supporting Files";
			sourceTree = "<group>";
		};
		604073511EEFDBAB00815DFC /* selfLearnProjectTests */ = {
			isa = PBXGroup;
			children = (
				604073521EEFDBAB00815DFC /* selfLearnProjectTests.m */,
				604073541EEFDBAB00815DFC /* Info.plist */,
			);
			path = selfLearnProjectTests;
			sourceTree = "<group>";
		};
		6040735C1EEFDBAB00815DFC /* selfLearnProjectUITests */ = {
			isa = PBXGroup;
			children = (
				6040735D1EEFDBAB00815DFC /* selfLearnProjectUITests.m */,
				6040735F1EEFDBAB00815DFC /* Info.plist */,
			);
			path = selfLearnProjectUITests;
			sourceTree = "<group>";
		};
		6040736B1EEFDC7F00815DFC /* Main */ = {
			isa = PBXGroup;
			children = (
				6040736C1EEFDC8900815DFC /* backViewController.h */,
				6040736D1EEFDC8900815DFC /* backViewController.m */,
				6040736E1EEFDC8900815DFC /* myTableViewController.h */,
				6040736F1EEFDC8900815DFC /* myTableViewController.m */,
				604073701EEFDC8900815DFC /* ROOTViewController.h */,
				604073711EEFDC8900815DFC /* ROOTViewController.m */,
				604073721EEFDC8900815DFC /* AppDelegate.h */,
				604073731EEFDC8900815DFC /* AppDelegate.m */,
			);
			path = Main;
			sourceTree = "<group>";
		};
		6040737F1EEFDD5600815DFC /* R---1 */ = {
			isa = PBXGroup;
			children = (
				604073901EEFDDCA00815DFC /* RunLoop学习 */,
				6040738F1EEFDDB400815DFC /* Runtime学习 */,
				604073831EEFDD8100815DFC /* FirstViewController.h */,
				604073841EEFDD8100815DFC /* FirstViewController.m */,
			);
			path = "R---1";
			sourceTree = "<group>";
		};
		604073801EEFDD6300815DFC /* R---2 */ = {
			isa = PBXGroup;
			children = (
				604073A61EEFDE3B00815DFC /* 自动化测试理论循环 */,
				604073A51EEFDE2900815DFC /* 渐变图层应用 */,
				604073A41EEFDE1400815DFC /* AVFoundtion学习 */,
				604073A31EEFDE0000815DFC /* Socket学习 */,
				604073861EEFDD8A00815DFC /* SecondViewController.h */,
				604073871EEFDD8A00815DFC /* SecondViewController.m */,
			);
			path = "R---2";
			sourceTree = "<group>";
		};
		604073811EEFDD6D00815DFC /* R---3 */ = {
			isa = PBXGroup;
			children = (
				604073891EEFDD9000815DFC /* ThirdViewController.h */,
				6040738A1EEFDD9000815DFC /* ThirdViewController.m */,
				604073BE1EEFDF3100815DFC /* RAC学习 */,
			);
			path = "R---3";
			sourceTree = "<group>";
		};
		604073821EEFDD7600815DFC /* R---4 */ = {
			isa = PBXGroup;
			children = (
				603C20BF1F0C861B00CFD573 /* 各种效果学习 */,
				6040738C1EEFDD9600815DFC /* FourthViewController.h */,
				6040738D1EEFDD9600815DFC /* FourthViewController.m */,
			);
			path = "R---4";
			sourceTree = "<group>";
		};
		6040738F1EEFDDB400815DFC /* Runtime学习 */ = {
			isa = PBXGroup;
			children = (
				603E328D1F038F1400D6FD77 /* runtime几种基础用法 */,
				603E32831F03461500D6FD77 /* runtime功能运用 */,
				602F531A1EF27B2400B69450 /* 统计用户行为 */,
			);
			path = "Runtime学习";
			sourceTree = "<group>";
		};
		604073901EEFDDCA00815DFC /* RunLoop学习 */ = {
			isa = PBXGroup;
			children = (
				604073971EEFDDE900815DFC /* imageCellTestViewController.h */,
				604073981EEFDDE900815DFC /* imageCellTestViewController.m */,
				604073991EEFDDE900815DFC /* GCDtimerViewController.h */,
				6040739A1EEFDDE900815DFC /* GCDtimerViewController.m */,
				6040739B1EEFDDE900815DFC /* runlooponeViewController.h */,
				6040739C1EEFDDE900815DFC /* runlooponeViewController.m */,
				6040739D1EEFDDE900815DFC /* runlooptwoViewController.h */,
				6040739E1EEFDDE900815DFC /* runlooptwoViewController.m */,
			);
			path = "RunLoop学习";
			sourceTree = "<group>";
		};
		604073A31EEFDE0000815DFC /* Socket学习 */ = {
			isa = PBXGroup;
			children = (
				604073A71EEFDE4500815DFC /* socketlearnViewController.h */,
				604073A81EEFDE4500815DFC /* socketlearnViewController.m */,
				604073A91EEFDE4500815DFC /* socketlearnserviceViewController.h */,
				604073AA1EEFDE4500815DFC /* socketlearnserviceViewController.m */,
			);
			path = "Socket学习";
			sourceTree = "<group>";
		};
		604073A41EEFDE1400815DFC /* AVFoundtion学习 */ = {
			isa = PBXGroup;
			children = (
				604073AD1EEFDE5100815DFC /* AVFoudationlearnViewController.h */,
				604073AE1EEFDE5100815DFC /* AVFoudationlearnViewController.m */,
				604073AF1EEFDE5100815DFC /* AVLearn2ViewController.h */,
				604073B01EEFDE5100815DFC /* AVLearn2ViewController.m */,
			);
			path = "AVFoundtion学习";
			sourceTree = "<group>";
		};
		604073A51EEFDE2900815DFC /* 渐变图层应用 */ = {
			isa = PBXGroup;
			children = (
				604073B31EEFDE5B00815DFC /* CAGradientLearnViewController.h */,
				604073B41EEFDE5B00815DFC /* CAGradientLearnViewController.m */,
			);
			path = "渐变图层应用";
			sourceTree = "<group>";
		};
		604073A61EEFDE3B00815DFC /* 自动化测试理论循环 */ = {
			isa = PBXGroup;
			children = (
				604073B61EEFDE6500815DFC /* biaozhixunhuanViewController.h */,
				604073B71EEFDE6500815DFC /* biaozhixunhuanViewController.m */,
			);
			path = "自动化测试理论循环";
			sourceTree = "<group>";
		};
		604073B91EEFDE8000815DFC /* 素材 */ = {
			isa = PBXGroup;
			children = (
				604073441EEFDBAA00815DFC /* Assets.xcassets */,
				604073BA1EEFDE8D00815DFC /* testimage.jpg */,
				604073BB1EEFDE8D00815DFC /* 凉凉.mp4 */,
			);
			path = "素材";
			sourceTree = "<group>";
		};
		604073BE1EEFDF3100815DFC /* RAC学习 */ = {
			isa = PBXGroup;
			children = (
				6030647D1F1868AF00CD5628 /* RACDisposable */,
				602F53161EF22F9000B69450 /* RACSequence */,
				602F53121EF225AE00B69450 /* 合并操作 */,
				603EF3C61EF119A0001353BD /* RAC实现上下拉加载 */,
				604073C11EEFDF5000815DFC /* 信号处理 */,
				604073C01EEFDF4600815DFC /* Model */,
				604073BF1EEFDF3C00815DFC /* 基础 */,
			);
			path = "RAC学习";
			sourceTree = "<group>";
		};
		604073BF1EEFDF3C00815DFC /* 基础 */ = {
			isa = PBXGroup;
			children = (
				604073CB1EEFE0D400815DFC /* RAClearnViewController.h */,
				604073CC1EEFE0D400815DFC /* RAClearnViewController.m */,
				604073CD1EEFE0D400815DFC /* RACAndMVVMlearnViewController.h */,
				604073CE1EEFE0D400815DFC /* RACAndMVVMlearnViewController.m */,
			);
			path = "基础";
			sourceTree = "<group>";
		};
		604073C01EEFDF4600815DFC /* Model */ = {
			isa = PBXGroup;
			children = (
				604073C51EEFE0C900815DFC /* dog.h */,
				604073C61EEFE0C900815DFC /* dog.m */,
				604073C71EEFE0C900815DFC /* LoginViewModel.h */,
				604073C81EEFE0C900815DFC /* LoginViewModel.m */,
			);
			path = Model;
			sourceTree = "<group>";
		};
		604073C11EEFDF5000815DFC /* 信号处理 */ = {
			isa = PBXGroup;
			children = (
				604073C21EEFE0BD00815DFC /* RACSignalHandleViewController.h */,
				604073C31EEFE0BD00815DFC /* RACSignalHandleViewController.m */,
			);
			path = "信号处理";
			sourceTree = "<group>";
		};
		60412F5B1F15F7F300618416 /* 算法练习 */ = {
			isa = PBXGroup;
			children = (
				601149041F258DA400C78EDB /* dispatch_onceOBJC.h */,
				601149051F258DA400C78EDB /* dispatch_onceOBJC.m */,
				60412F5C1F15F84500618416 /* MathViewController.h */,
				60412F5D1F15F84500618416 /* MathViewController.m */,
				60141BB81F26E36E00128641 /* ProducerConsumerViewController.h */,
				60141BB91F26E36E00128641 /* ProducerConsumerViewController.m */,
			);
			path = "算法练习";
			sourceTree = "<group>";
		};
		719F122317983DC4BFDBDF09 /* Frameworks */ = {
			isa = PBXGroup;
			children = (
				35E924996B0806E51B01591F /* libPods-selfLearnProject.a */,
			);
			name = Frameworks;
			sourceTree = "<group>";
		};
		F51AB98E9E2BB3CCC6B4D27F /* Pods */ = {
			isa = PBXGroup;
			children = (
				7DB64691A841809C2A1379F1 /* Pods-selfLearnProject.debug.xcconfig */,
				59A3B7CAE8E1973E99560CFD /* Pods-selfLearnProject.release.xcconfig */,
			);
			name = Pods;
			sourceTree = "<group>";
		};
/* End PBXGroup section */

/* Begin PBXNativeTarget section */
		604073341EEFDBAA00815DFC /* selfLearnProject */ = {
			isa = PBXNativeTarget;
			buildConfigurationList = 604073621EEFDBAB00815DFC /* Build configuration list for PBXNativeTarget "selfLearnProject" */;
			buildPhases = (
				430E63385792B8389F83C233 /* [CP] Check Pods Manifest.lock */,
				604073311EEFDBAA00815DFC /* Sources */,
				604073321EEFDBAA00815DFC /* Frameworks */,
				604073331EEFDBAA00815DFC /* Resources */,
				76FBDCD7BA65038A74139E54 /* [CP] Embed Pods Frameworks */,
				E4F368DDD25F546589EC2DF3 /* [CP] Copy Pods Resources */,
			);
			buildRules = (
			);
			dependencies = (
			);
			name = selfLearnProject;
			productName = selfLearnProject;
			productReference = 604073351EEFDBAA00815DFC /* selfLearnProject.app */;
			productType = "com.apple.product-type.application";
		};
		6040734D1EEFDBAB00815DFC /* selfLearnProjectTests */ = {
			isa = PBXNativeTarget;
			buildConfigurationList = 604073651EEFDBAB00815DFC /* Build configuration list for PBXNativeTarget "selfLearnProjectTests" */;
			buildPhases = (
				6040734A1EEFDBAB00815DFC /* Sources */,
				6040734B1EEFDBAB00815DFC /* Frameworks */,
				6040734C1EEFDBAB00815DFC /* Resources */,
			);
			buildRules = (
			);
			dependencies = (
				604073501EEFDBAB00815DFC /* PBXTargetDependency */,
			);
			name = selfLearnProjectTests;
			productName = selfLearnProjectTests;
			productReference = 6040734E1EEFDBAB00815DFC /* selfLearnProjectTests.xctest */;
			productType = "com.apple.product-type.bundle.unit-test";
		};
		604073581EEFDBAB00815DFC /* selfLearnProjectUITests */ = {
			isa = PBXNativeTarget;
			buildConfigurationList = 604073681EEFDBAB00815DFC /* Build configuration list for PBXNativeTarget "selfLearnProjectUITests" */;
			buildPhases = (
				604073551EEFDBAB00815DFC /* Sources */,
				604073561EEFDBAB00815DFC /* Frameworks */,
				604073571EEFDBAB00815DFC /* Resources */,
			);
			buildRules = (
			);
			dependencies = (
				6040735B1EEFDBAB00815DFC /* PBXTargetDependency */,
			);
			name = selfLearnProjectUITests;
			productName = selfLearnProjectUITests;
			productReference = 604073591EEFDBAB00815DFC /* selfLearnProjectUITests.xctest */;
			productType = "com.apple.product-type.bundle.ui-testing";
		};
/* End PBXNativeTarget section */

/* Begin PBXProject section */
		6040732D1EEFDBAA00815DFC /* Project object */ = {
			isa = PBXProject;
			attributes = {
				LastUpgradeCheck = 0820;
				ORGANIZATIONNAME = HYZ;
				TargetAttributes = {
					604073341EEFDBAA00815DFC = {
						CreatedOnToolsVersion = 8.2.1;
						ProvisioningStyle = Automatic;
					};
					6040734D1EEFDBAB00815DFC = {
						CreatedOnToolsVersion = 8.2.1;
						ProvisioningStyle = Automatic;
						TestTargetID = 604073341EEFDBAA00815DFC;
					};
					604073581EEFDBAB00815DFC = {
						CreatedOnToolsVersion = 8.2.1;
						ProvisioningStyle = Automatic;
						TestTargetID = 604073341EEFDBAA00815DFC;
					};
				};
			};
			buildConfigurationList = 604073301EEFDBAA00815DFC /* Build configuration list for PBXProject "selfLearnProject" */;
			compatibilityVersion = "Xcode 3.2";
			developmentRegion = English;
			hasScannedForEncodings = 0;
			knownRegions = (
				en,
				Base,
			);
			mainGroup = 6040732C1EEFDBAA00815DFC;
			productRefGroup = 604073361EEFDBAA00815DFC /* Products */;
			projectDirPath = "";
			projectRoot = "";
			targets = (
				604073341EEFDBAA00815DFC /* selfLearnProject */,
				6040734D1EEFDBAB00815DFC /* selfLearnProjectTests */,
				604073581EEFDBAB00815DFC /* selfLearnProjectUITests */,
			);
		};
/* End PBXProject section */

/* Begin PBXResourcesBuildPhase section */
		604073331EEFDBAA00815DFC /* Resources */ = {
			isa = PBXResourcesBuildPhase;
			buildActionMask = 2147483647;
			files = (
				604073451EEFDBAA00815DFC /* Assets.xcassets in Resources */,
				604073BD1EEFDE8D00815DFC /* 凉凉.mp4 in Resources */,
				6040737C1EEFDC8900815DFC /* Default-667h@2x.png in Resources */,
				6040737B1EEFDC8900815DFC /* Default-568h@2x.png in Resources */,
				604073BC1EEFDE8D00815DFC /* testimage.jpg in Resources */,
				6040737D1EEFDC8900815DFC /* Default-736h@3x.png in Resources */,
			);
			runOnlyForDeploymentPostprocessing = 0;
		};
		6040734C1EEFDBAB00815DFC /* Resources */ = {
			isa = PBXResourcesBuildPhase;
			buildActionMask = 2147483647;
			files = (
			);
			runOnlyForDeploymentPostprocessing = 0;
		};
		604073571EEFDBAB00815DFC /* Resources */ = {
			isa = PBXResourcesBuildPhase;
			buildActionMask = 2147483647;
			files = (
			);
			runOnlyForDeploymentPostprocessing = 0;
		};
/* End PBXResourcesBuildPhase section */

/* Begin PBXShellScriptBuildPhase section */
		430E63385792B8389F83C233 /* [CP] Check Pods Manifest.lock */ = {
			isa = PBXShellScriptBuildPhase;
			buildActionMask = 2147483647;
			files = (
			);
			inputPaths = (
			);
			name = "[CP] Check Pods Manifest.lock";
			outputPaths = (
			);
			runOnlyForDeploymentPostprocessing = 0;
			shellPath = /bin/sh;
			shellScript = "diff \"${PODS_ROOT}/../Podfile.lock\" \"${PODS_ROOT}/Manifest.lock\" > /dev/null\nif [ $? != 0 ] ; then\n    # print error to STDERR\n    echo \"error: The sandbox is not in sync with the Podfile.lock. Run 'pod install' or update your CocoaPods installation.\" >&2\n    exit 1\nfi\n";
			showEnvVarsInLog = 0;
		};
		76FBDCD7BA65038A74139E54 /* [CP] Embed Pods Frameworks */ = {
			isa = PBXShellScriptBuildPhase;
			buildActionMask = 2147483647;
			files = (
			);
			inputPaths = (
			);
			name = "[CP] Embed Pods Frameworks";
			outputPaths = (
			);
			runOnlyForDeploymentPostprocessing = 0;
			shellPath = /bin/sh;
			shellScript = "\"${SRCROOT}/Pods/Target Support Files/Pods-selfLearnProject/Pods-selfLearnProject-frameworks.sh\"\n";
			showEnvVarsInLog = 0;
		};
		E4F368DDD25F546589EC2DF3 /* [CP] Copy Pods Resources */ = {
			isa = PBXShellScriptBuildPhase;
			buildActionMask = 2147483647;
			files = (
			);
			inputPaths = (
			);
			name = "[CP] Copy Pods Resources";
			outputPaths = (
			);
			runOnlyForDeploymentPostprocessing = 0;
			shellPath = /bin/sh;
			shellScript = "\"${SRCROOT}/Pods/Target Support Files/Pods-selfLearnProject/Pods-selfLearnProject-resources.sh\"\n";
			showEnvVarsInLog = 0;
		};
/* End PBXShellScriptBuildPhase section */

/* Begin PBXSourcesBuildPhase section */
		604073311EEFDBAA00815DFC /* Sources */ = {
			isa = PBXSourcesBuildPhase;
			buildActionMask = 2147483647;
			files = (
				60149DD61F1EF7B600CA8A8A /* LinkViewController.m in Sources */,
				604073AB1EEFDE4500815DFC /* socketlearnViewController.m in Sources */,
				604073A21EEFDDEA00815DFC /* runlooptwoViewController.m in Sources */,
				6032DF581F04994A00D399E1 /* UIButton+ClickBlock.m in Sources */,
				6040733A1EEFDBAA00815DFC /* main.m in Sources */,
				604073851EEFDD8100815DFC /* FirstViewController.m in Sources */,
				603E32981F039CBD00D6FD77 /* dogModel.m in Sources */,
				603E329C1F03AA6B00D6FD77 /* NSObject+KeyValues.m in Sources */,
				603EF3C91EF119F1001353BD /* refreshwithRACViewController.m in Sources */,
				602F53191EF22FA200B69450 /* RACSequenceViewController.m in Sources */,
				603C20C91F0C8BB500CFD573 /* BulletManager.m in Sources */,
				6032DF5B1F049C3F00D399E1 /* UIButton+mystate.m in Sources */,
				603C20C61F0C874600CFD573 /* BulletView.m in Sources */,
				600E40FB1F286E3D00A639CC /* TaskViewController.m in Sources */,
				603E32901F038F3400D6FD77 /* usetestViewController.m in Sources */,
				6040739F1EEFDDE900815DFC /* imageCellTestViewController.m in Sources */,
				604073B51EEFDE5B00815DFC /* CAGradientLearnViewController.m in Sources */,
				6040738B1EEFDD9000815DFC /* ThirdViewController.m in Sources */,
				60149DD91F1EF7F000CA8A8A /* myNode.m in Sources */,
				604073CA1EEFE0C900815DFC /* LoginViewModel.m in Sources */,
				601149061F258DA400C78EDB /* dispatch_onceOBJC.m in Sources */,
				6032DF5E1F049F5900D399E1 /* Bird.m in Sources */,
				602F531D1EF27BDB00B69450 /* UIButton+mycategory.m in Sources */,
				60141BBA1F26E36E00128641 /* ProducerConsumerViewController.m in Sources */,
				604073771EEFDC8900815DFC /* backViewController.m in Sources */,
				603E32861F03465800D6FD77 /* testViewController.m in Sources */,
				604073B21EEFDE5100815DFC /* AVLearn2ViewController.m in Sources */,
				603E328C1F0347D800D6FD77 /* NSObject+Runtime.m in Sources */,
				604073A11EEFDDEA00815DFC /* runlooponeViewController.m in Sources */,
				6032DF611F049F6E00D399E1 /* Monkey.m in Sources */,
				604073AC1EEFDE4500815DFC /* socketlearnserviceViewController.m in Sources */,
				604073881EEFDD8A00815DFC /* SecondViewController.m in Sources */,
				604073CF1EEFE0D400815DFC /* RAClearnViewController.m in Sources */,
				604073B81EEFDE6500815DFC /* biaozhixunhuanViewController.m in Sources */,
				6014699B1F38056900C54588 /* SortViewController.m in Sources */,
				603C20C31F0C870A00CFD573 /* BulletViewController.m in Sources */,
				603E32931F038F4E00D6FD77 /* cat.m in Sources */,
				60336EE01F131F9C006F8F4B /* dragonView.m in Sources */,
				604073B11EEFDE5100815DFC /* AVFoudationlearnViewController.m in Sources */,
				604073A01EEFDDEA00815DFC /* GCDtimerViewController.m in Sources */,
				603E32891F03467E00D6FD77 /* testModel.m in Sources */,
				604073C41EEFE0BD00815DFC /* RACSignalHandleViewController.m in Sources */,
				604073C91EEFE0C900815DFC /* dog.m in Sources */,
				60412F5E1F15F84500618416 /* MathViewController.m in Sources */,
				602F53151EF225C900B69450 /* combineViewController.m in Sources */,
				604073791EEFDC8900815DFC /* ROOTViewController.m in Sources */,
				604073D01EEFE0D400815DFC /* RACAndMVVMlearnViewController.m in Sources */,
				60336EDD1F131EF0006F8F4B /* LinksViewController.m in Sources */,
				6040738E1EEFDD9600815DFC /* FourthViewController.m in Sources */,
				603064801F1868D400CD5628 /* RACDisposableViewController.m in Sources */,
				604073781EEFDC8900815DFC /* myTableViewController.m in Sources */,
				6040737A1EEFDC8900815DFC /* AppDelegate.m in Sources */,
			);
			runOnlyForDeploymentPostprocessing = 0;
		};
		6040734A1EEFDBAB00815DFC /* Sources */ = {
			isa = PBXSourcesBuildPhase;
			buildActionMask = 2147483647;
			files = (
				604073531EEFDBAB00815DFC /* selfLearnProjectTests.m in Sources */,
			);
			runOnlyForDeploymentPostprocessing = 0;
		};
		604073551EEFDBAB00815DFC /* Sources */ = {
			isa = PBXSourcesBuildPhase;
			buildActionMask = 2147483647;
			files = (
				6040735E1EEFDBAB00815DFC /* selfLearnProjectUITests.m in Sources */,
			);
			runOnlyForDeploymentPostprocessing = 0;
		};
/* End PBXSourcesBuildPhase section */

/* Begin PBXTargetDependency section */
		604073501EEFDBAB00815DFC /* PBXTargetDependency */ = {
			isa = PBXTargetDependency;
			target = 604073341EEFDBAA00815DFC /* selfLearnProject */;
			targetProxy = 6040734F1EEFDBAB00815DFC /* PBXContainerItemProxy */;
		};
		6040735B1EEFDBAB00815DFC /* PBXTargetDependency */ = {
			isa = PBXTargetDependency;
			target = 604073341EEFDBAA00815DFC /* selfLearnProject */;
			targetProxy = 6040735A1EEFDBAB00815DFC /* PBXContainerItemProxy */;
		};
/* End PBXTargetDependency section */

/* Begin XCBuildConfiguration section */
		604073601EEFDBAB00815DFC /* Debug */ = {
			isa = XCBuildConfiguration;
			buildSettings = {
				ALWAYS_SEARCH_USER_PATHS = NO;
				CLANG_ANALYZER_NONNULL = YES;
				CLANG_CXX_LANGUAGE_STANDARD = "gnu++0x";
				CLANG_CXX_LIBRARY = "libc++";
				CLANG_ENABLE_MODULES = YES;
				CLANG_ENABLE_OBJC_ARC = YES;
				CLANG_WARN_BOOL_CONVERSION = YES;
				CLANG_WARN_CONSTANT_CONVERSION = YES;
				CLANG_WARN_DIRECT_OBJC_ISA_USAGE = YES_ERROR;
				CLANG_WARN_DOCUMENTATION_COMMENTS = YES;
				CLANG_WARN_EMPTY_BODY = YES;
				CLANG_WARN_ENUM_CONVERSION = YES;
				CLANG_WARN_INFINITE_RECURSION = YES;
				CLANG_WARN_INT_CONVERSION = YES;
				CLANG_WARN_OBJC_ROOT_CLASS = YES_ERROR;
				CLANG_WARN_SUSPICIOUS_MOVE = YES;
				CLANG_WARN_UNREACHABLE_CODE = YES;
				CLANG_WARN__DUPLICATE_METHOD_MATCH = YES;
				"CODE_SIGN_IDENTITY[sdk=iphoneos*]" = "iPhone Developer";
				COPY_PHASE_STRIP = NO;
				DEBUG_INFORMATION_FORMAT = dwarf;
				ENABLE_STRICT_OBJC_MSGSEND = YES;
				ENABLE_TESTABILITY = YES;
				GCC_C_LANGUAGE_STANDARD = gnu99;
				GCC_DYNAMIC_NO_PIC = NO;
				GCC_NO_COMMON_BLOCKS = YES;
				GCC_OPTIMIZATION_LEVEL = 0;
				GCC_PRECOMPILE_PREFIX_HEADER = YES;
				GCC_PREFIX_HEADER = "$(SRCROOT)/selfLearnProject/PrefixHeader.pch";
				GCC_PREPROCESSOR_DEFINITIONS = (
					"DEBUG=1",
					"$(inherited)",
				);
				GCC_WARN_64_TO_32_BIT_CONVERSION = YES;
				GCC_WARN_ABOUT_RETURN_TYPE = YES_ERROR;
				GCC_WARN_UNDECLARED_SELECTOR = YES;
				GCC_WARN_UNINITIALIZED_AUTOS = YES_AGGRESSIVE;
				GCC_WARN_UNUSED_FUNCTION = YES;
				GCC_WARN_UNUSED_VARIABLE = YES;
				IPHONEOS_DEPLOYMENT_TARGET = 10.2;
				MTL_ENABLE_DEBUG_INFO = YES;
				ONLY_ACTIVE_ARCH = YES;
				SDKROOT = iphoneos;
				TARGETED_DEVICE_FAMILY = "1,2";
			};
			name = Debug;
		};
		604073611EEFDBAB00815DFC /* Release */ = {
			isa = XCBuildConfiguration;
			buildSettings = {
				ALWAYS_SEARCH_USER_PATHS = NO;
				CLANG_ANALYZER_NONNULL = YES;
				CLANG_CXX_LANGUAGE_STANDARD = "gnu++0x";
				CLANG_CXX_LIBRARY = "libc++";
				CLANG_ENABLE_MODULES = YES;
				CLANG_ENABLE_OBJC_ARC = YES;
				CLANG_WARN_BOOL_CONVERSION = YES;
				CLANG_WARN_CONSTANT_CONVERSION = YES;
				CLANG_WARN_DIRECT_OBJC_ISA_USAGE = YES_ERROR;
				CLANG_WARN_DOCUMENTATION_COMMENTS = YES;
				CLANG_WARN_EMPTY_BODY = YES;
				CLANG_WARN_ENUM_CONVERSION = YES;
				CLANG_WARN_INFINITE_RECURSION = YES;
				CLANG_WARN_INT_CONVERSION = YES;
				CLANG_WARN_OBJC_ROOT_CLASS = YES_ERROR;
				CLANG_WARN_SUSPICIOUS_MOVE = YES;
				CLANG_WARN_UNREACHABLE_CODE = YES;
				CLANG_WARN__DUPLICATE_METHOD_MATCH = YES;
				"CODE_SIGN_IDENTITY[sdk=iphoneos*]" = "iPhone Developer";
				COPY_PHASE_STRIP = NO;
				DEBUG_INFORMATION_FORMAT = "dwarf-with-dsym";
				ENABLE_NS_ASSERTIONS = NO;
				ENABLE_STRICT_OBJC_MSGSEND = YES;
				GCC_C_LANGUAGE_STANDARD = gnu99;
				GCC_NO_COMMON_BLOCKS = YES;
				GCC_PRECOMPILE_PREFIX_HEADER = YES;
				GCC_PREFIX_HEADER = "$(SRCROOT)/selfLearnProject/PrefixHeader.pch";
				GCC_WARN_64_TO_32_BIT_CONVERSION = YES;
				GCC_WARN_ABOUT_RETURN_TYPE = YES_ERROR;
				GCC_WARN_UNDECLARED_SELECTOR = YES;
				GCC_WARN_UNINITIALIZED_AUTOS = YES_AGGRESSIVE;
				GCC_WARN_UNUSED_FUNCTION = YES;
				GCC_WARN_UNUSED_VARIABLE = YES;
				IPHONEOS_DEPLOYMENT_TARGET = 10.2;
				MTL_ENABLE_DEBUG_INFO = NO;
				SDKROOT = iphoneos;
				TARGETED_DEVICE_FAMILY = "1,2";
				VALIDATE_PRODUCT = YES;
			};
			name = Release;
		};
		604073631EEFDBAB00815DFC /* Debug */ = {
			isa = XCBuildConfiguration;
			baseConfigurationReference = 7DB64691A841809C2A1379F1 /* Pods-selfLearnProject.debug.xcconfig */;
			buildSettings = {
				ASSETCATALOG_COMPILER_APPICON_NAME = AppIcon;
				INFOPLIST_FILE = selfLearnProject/Info.plist;
				LD_RUNPATH_SEARCH_PATHS = "$(inherited) @executable_path/Frameworks";
				PRODUCT_BUNDLE_IDENTIFIER = com.self.learn.Project.selfLearnProject;
				PRODUCT_NAME = "$(TARGET_NAME)";
			};
			name = Debug;
		};
		604073641EEFDBAB00815DFC /* Release */ = {
			isa = XCBuildConfiguration;
			baseConfigurationReference = 59A3B7CAE8E1973E99560CFD /* Pods-selfLearnProject.release.xcconfig */;
			buildSettings = {
				ASSETCATALOG_COMPILER_APPICON_NAME = AppIcon;
				INFOPLIST_FILE = selfLearnProject/Info.plist;
				LD_RUNPATH_SEARCH_PATHS = "$(inherited) @executable_path/Frameworks";
				PRODUCT_BUNDLE_IDENTIFIER = com.self.learn.Project.selfLearnProject;
				PRODUCT_NAME = "$(TARGET_NAME)";
			};
			name = Release;
		};
		604073661EEFDBAB00815DFC /* Debug */ = {
			isa = XCBuildConfiguration;
			buildSettings = {
				BUNDLE_LOADER = "$(TEST_HOST)";
				INFOPLIST_FILE = selfLearnProjectTests/Info.plist;
				LD_RUNPATH_SEARCH_PATHS = "$(inherited) @executable_path/Frameworks @loader_path/Frameworks";
				PRODUCT_BUNDLE_IDENTIFIER = com.self.learn.Project.selfLearnProjectTests;
				PRODUCT_NAME = "$(TARGET_NAME)";
				TEST_HOST = "$(BUILT_PRODUCTS_DIR)/selfLearnProject.app/selfLearnProject";
			};
			name = Debug;
		};
		604073671EEFDBAB00815DFC /* Release */ = {
			isa = XCBuildConfiguration;
			buildSettings = {
				BUNDLE_LOADER = "$(TEST_HOST)";
				INFOPLIST_FILE = selfLearnProjectTests/Info.plist;
				LD_RUNPATH_SEARCH_PATHS = "$(inherited) @executable_path/Frameworks @loader_path/Frameworks";
				PRODUCT_BUNDLE_IDENTIFIER = com.self.learn.Project.selfLearnProjectTests;
				PRODUCT_NAME = "$(TARGET_NAME)";
				TEST_HOST = "$(BUILT_PRODUCTS_DIR)/selfLearnProject.app/selfLearnProject";
			};
			name = Release;
		};
		604073691EEFDBAB00815DFC /* Debug */ = {
			isa = XCBuildConfiguration;
			buildSettings = {
				INFOPLIST_FILE = selfLearnProjectUITests/Info.plist;
				LD_RUNPATH_SEARCH_PATHS = "$(inherited) @executable_path/Frameworks @loader_path/Frameworks";
				PRODUCT_BUNDLE_IDENTIFIER = com.self.learn.Project.selfLearnProjectUITests;
				PRODUCT_NAME = "$(TARGET_NAME)";
				TEST_TARGET_NAME = selfLearnProject;
			};
			name = Debug;
		};
		6040736A1EEFDBAB00815DFC /* Release */ = {
			isa = XCBuildConfiguration;
			buildSettings = {
				INFOPLIST_FILE = selfLearnProjectUITests/Info.plist;
				LD_RUNPATH_SEARCH_PATHS = "$(inherited) @executable_path/Frameworks @loader_path/Frameworks";
				PRODUCT_BUNDLE_IDENTIFIER = com.self.learn.Project.selfLearnProjectUITests;
				PRODUCT_NAME = "$(TARGET_NAME)";
				TEST_TARGET_NAME = selfLearnProject;
			};
			name = Release;
		};
/* End XCBuildConfiguration section */

/* Begin XCConfigurationList section */
		604073301EEFDBAA00815DFC /* Build configuration list for PBXProject "selfLearnProject" */ = {
			isa = XCConfigurationList;
			buildConfigurations = (
				604073601EEFDBAB00815DFC /* Debug */,
				604073611EEFDBAB00815DFC /* Release */,
			);
			defaultConfigurationIsVisible = 0;
			defaultConfigurationName = Release;
		};
		604073621EEFDBAB00815DFC /* Build configuration list for PBXNativeTarget "selfLearnProject" */ = {
			isa = XCConfigurationList;
			buildConfigurations = (
				604073631EEFDBAB00815DFC /* Debug */,
				604073641EEFDBAB00815DFC /* Release */,
			);
			defaultConfigurationIsVisible = 0;
			defaultConfigurationName = Release;
		};
		604073651EEFDBAB00815DFC /* Build configuration list for PBXNativeTarget "selfLearnProjectTests" */ = {
			isa = XCConfigurationList;
			buildConfigurations = (
				604073661EEFDBAB00815DFC /* Debug */,
				604073671EEFDBAB00815DFC /* Release */,
			);
			defaultConfigurationIsVisible = 0;
			defaultConfigurationName = Release;
		};
		604073681EEFDBAB00815DFC /* Build configuration list for PBXNativeTarget "selfLearnProjectUITests" */ = {
			isa = XCConfigurationList;
			buildConfigurations = (
				604073691EEFDBAB00815DFC /* Debug */,
				6040736A1EEFDBAB00815DFC /* Release */,
			);
			defaultConfigurationIsVisible = 0;
			defaultConfigurationName = Release;
		};
/* End XCConfigurationList section */
	};
	rootObject = 6040732D1EEFDBAA00815DFC /* Project object */;
}
